
Microsoft Visual Studio Solution File, Format Version 12.00
# Visual Studio 2013
VisualStudioVersion = 12.0.21005.1
MinimumVisualStudioVersion = 10.0.40219.1
Project("{CC5FD16D-436D-48AD-A40C-5A424C6E3E79}") = "WindowsAzure1", "WindowsAzure1\WindowsAzure1.ccproj", "{773B5333-8A72-40CE-B526-641DA58ECFA2}"
EndProject
Project("{FAE04EC0-301F-11D3-BF4B-00C04F79EFBC}") = "WCF", "WCF\WCF.csproj", "{BDD0FB7C-DA7D-4AD2-BEDF-46CD64A536DD}"
EndProject
Project("{FAE04EC0-301F-11D3-BF4B-00C04F79EFBC}") = "WebRole1", "WebRole1\WebRole1.csproj", "{701C731B-609A-435A-A7E4-459DDA2DAAAC}"
EndProject
Global
	GlobalSection(SolutionConfigurationPlatforms) = preSolution
		Debug|Any CPU = Debug|Any CPU
		Release|Any CPU = Release|Any CPU
	EndGlobalSection
	GlobalSection(ProjectConfigurationPlatforms) = postSolution
		{773B5333-8A72-40CE-B526-641DA58ECFA2}.Debug|Any CPU.ActiveCfg = Debug|Any CPU
		{773B5333-8A72-40CE-B526-641DA58ECFA2}.Debug|Any CPU.Build.0 = Debug|Any CPU
		{773B5333-8A72-40CE-B526-641DA58ECFA2}.Release|Any CPU.ActiveCfg = Release|Any CPU
		{773B5333-8A72-40CE-B526-641DA58ECFA2}.Release|Any CPU.Build.0 = Release|Any CPU
		{BDD0FB7C-DA7D-4AD2-BEDF-46CD64A536DD}.Debug|Any CPU.ActiveCfg = Debug|Any CPU
		{BDD0FB7C-DA7D-4AD2-BEDF-46CD64A536DD}.Debug|Any CPU.Build.0 = Debug|Any CPU
		{BDD0FB7C-DA7D-4AD2-BEDF-46CD64A536DD}.Release|Any CPU.ActiveCfg = Release|Any CPU
		{BDD0FB7C-DA7D-4AD2-BEDF-46CD64A536DD}.Release|Any CPU.Build.0 = Release|Any CPU
		{701C731B-609A-435A-A7E4-459DDA2DAAAC}.Debug|Any CPU.ActiveCfg = Debug|Any CPU
		{701C731B-609A-435A-A7E4-459DDA2DAAAC}.Debug|Any CPU.Build.0 = Debug|Any CPU
		{701C731B-609A-435A-A7E4-459DDA2DAAAC}.Release|Any CPU.ActiveCfg = Release|Any CPU
		{701C731B-609A-435A-A7E4-459DDA2DAAAC}.Release|Any CPU.Build.0 = Release|Any CPU
	EndGlobalSection
	GlobalSection(SolutionProperties) = preSolution
		HideSolutionNode = FALSE
	EndGlobalSection
EndGlobal
